
Microsoft Visual Studio Solution File, Format Version 12.00
# Visual Studio 14
VisualStudioVersion = 14.0.23107.0
MinimumVisualStudioVersion = 10.0.40219.1
Project("{FAE04EC0-301F-11D3-BF4B-00C04F79EFBC}") = "Cake.Gulp", "src\Cake.Gulp\Cake.Gulp.csproj", "{E10A12F5-7090-4E91-A1AA-F867BDA8A542}"
EndProject
Project("{2150E333-8FDC-42A3-9474-1A3956D46DE8}") = "src", "src", "{D0A71B1A-2E33-4A5B-A990-D1DE1997B6B7}"
EndProject
Project("{FAE04EC0-301F-11D3-BF4B-00C04F79EFBC}") = "Cake.Gulp.Tests", "src\Cake.Gulp.Tests\Cake.Gulp.Tests.csproj", "{B24B179E-E3C3-4DF2-90B2-98A7248DEA33}"
EndProject
Global
	GlobalSection(SolutionConfigurationPlatforms) = preSolution
		Debug|Any CPU = Debug|Any CPU
		Release|Any CPU = Release|Any CPU
	EndGlobalSection
	GlobalSection(ProjectConfigurationPlatforms) = postSolution
		{E10A12F5-7090-4E91-A1AA-F867BDA8A542}.Debug|Any CPU.ActiveCfg = Debug|Any CPU
		{E10A12F5-7090-4E91-A1AA-F867BDA8A542}.Debug|Any CPU.Build.0 = Debug|Any CPU
		{E10A12F5-7090-4E91-A1AA-F867BDA8A542}.Release|Any CPU.ActiveCfg = Release|Any CPU
		{E10A12F5-7090-4E91-A1AA-F867BDA8A542}.Release|Any CPU.Build.0 = Release|Any CPU
		{B24B179E-E3C3-4DF2-90B2-98A7248DEA33}.Debug|Any CPU.ActiveCfg = Debug|Any CPU
		{B24B179E-E3C3-4DF2-90B2-98A7248DEA33}.Debug|Any CPU.Build.0 = Debug|Any CPU
		{B24B179E-E3C3-4DF2-90B2-98A7248DEA33}.Release|Any CPU.ActiveCfg = Release|Any CPU
		{B24B179E-E3C3-4DF2-90B2-98A7248DEA33}.Release|Any CPU.Build.0 = Release|Any CPU
	EndGlobalSection
	GlobalSection(SolutionProperties) = preSolution
		HideSolutionNode = FALSE
	EndGlobalSection
	GlobalSection(NestedProjects) = preSolution
		{E10A12F5-7090-4E91-A1AA-F867BDA8A542} = {D0A71B1A-2E33-4A5B-A990-D1DE1997B6B7}
		{B24B179E-E3C3-4DF2-90B2-98A7248DEA33} = {D0A71B1A-2E33-4A5B-A990-D1DE1997B6B7}
	EndGlobalSection
EndGlobal
